<?xml version="1.0" encoding="utf-8"?>
<Project ToolsVersion="4.0" xmlns="http://schemas.microsoft.com/developer/msbuild/2003">
  <ItemGroup>
    <Filter Include="头文件">
      <UniqueIdentifier>{93995380-89BD-4b04-88EB-625FBE52EBFB}</UniqueIdentifier>
      <Extensions>h;hh;hpp;hxx;h++;hm;inl;inc;ipp;xsd</Extensions>
    </Filter>
    <Filter Include="资源文件">
      <UniqueIdentifier>{67DA6AB6-F800-4c08-8B7A-83BB121AAD01}</UniqueIdentifier>
      <Extensions>rc;ico;cur;bmp;dlg;rc2;rct;bin;rgs;gif;jpg;jpeg;jpe;resx;tiff;tif;png;wav;mfcribbon-ms</Extensions>
    </Filter>
    <Filter Include="源文件">
      <UniqueIdentifier>{4FC737F1-C7A5-4376-A066-2A32D752A2FF}</UniqueIdentifier>
      <Extensions>cpp;c;cc;cxx;c++;cppm;ixx;def;odl;idl;hpj;bat;asm;asmx</Extensions>
    </Filter>
  </ItemGroup>
  <ItemGroup>
    <ClCompile Include="001 HelloWordl.cpp">
      <Filter>源文件</Filter>
    </ClCompile>
    <ClCompile Include="002 注释.cpp">
      <Filter>源文件</Filter>
    </ClCompile>
    <ClCompile Include="003 变量.cpp">
      <Filter>源文件</Filter>
    </ClCompile>
    <ClCompile Include="004 常量.cpp">
      <Filter>源文件</Filter>
    </ClCompile>
    <ClCompile Include="005 关键字；标识符命名规则.cpp">
      <Filter>源文件</Filter>
    </ClCompile>
    <ClCompile Include="006 数据类型.cpp">
      <Filter>源文件</Filter>
    </ClCompile>
    <ClCompile Include="007 运算符.cpp">
      <Filter>源文件</Filter>
    </ClCompile>
    <ClCompile Include="008 程序流程结构.cpp">
      <Filter>源文件</Filter>
    </ClCompile>
    <ClCompile Include="008 小猪称重.cpp">
      <Filter>源文件</Filter>
    </ClCompile>
    <ClCompile Include="008 猜数字.cpp">
      <Filter>源文件</Filter>
    </ClCompile>
    <ClCompile Include="008 水仙花数.cpp">
      <Filter>源文件</Filter>
    </ClCompile>
    <ClCompile Include="008 敲桌子.cpp">
      <Filter>源文件</Filter>
    </ClCompile>
    <ClCompile Include="008 乘法口诀表.cpp">
      <Filter>源文件</Filter>
    </ClCompile>
    <ClCompile Include="009 数组.cpp">
      <Filter>源文件</Filter>
    </ClCompile>
    <ClCompile Include="009 五只小猪称重.cpp">
      <Filter>源文件</Filter>
    </ClCompile>
    <ClCompile Include="009 数组逆置.cpp">
      <Filter>源文件</Filter>
    </ClCompile>
    <ClCompile Include="009 考试成绩统计.cpp">
      <Filter>源文件</Filter>
    </ClCompile>
    <ClCompile Include="010 函数.cpp">
      <Filter>源文件</Filter>
    </ClCompile>
    <ClCompile Include="010 函数swap分文件.cpp">
      <Filter>源文件</Filter>
    </ClCompile>
    <ClCompile Include="011 指针.cpp">
      <Filter>源文件</Filter>
    </ClCompile>
    <ClCompile Include="011 冒泡排序指针版.cpp">
      <Filter>源文件</Filter>
    </ClCompile>
    <ClCompile Include="012 结构体.cpp">
      <Filter>源文件</Filter>
    </ClCompile>
    <ClCompile Include="012 结构体案例一.cpp">
      <Filter>源文件</Filter>
    </ClCompile>
    <ClCompile Include="012 结构体案例二.cpp">
      <Filter>源文件</Filter>
    </ClCompile>
    <ClCompile Include="012 结构体练习--通讯录.cpp">
      <Filter>源文件</Filter>
    </ClCompile>
    <ClCompile Include="013 内存分区模型.cpp">
      <Filter>源文件</Filter>
    </ClCompile>
    <ClCompile Include="014 引用.cpp">
      <Filter>源文件</Filter>
    </ClCompile>
    <ClCompile Include="016 函数重载.cpp">
      <Filter>源文件</Filter>
    </ClCompile>
    <ClCompile Include="017 类和对象--封装.cpp">
      <Filter>源文件</Filter>
    </ClCompile>
    <ClCompile Include="017 设计学生类.cpp">
      <Filter>源文件</Filter>
    </ClCompile>
    <ClCompile Include="015 函数参数.cpp">
      <Filter>源文件</Filter>
    </ClCompile>
    <ClCompile Include="017 设计立方体类.cpp">
      <Filter>源文件</Filter>
    </ClCompile>
    <ClCompile Include="018 对象特性.cpp">
      <Filter>源文件</Filter>
    </ClCompile>
    <ClCompile Include="019 运算符重载.cpp">
      <Filter>源文件</Filter>
    </ClCompile>
    <ClCompile Include="019 递减运算符重载.cpp">
      <Filter>源文件</Filter>
    </ClCompile>
    <ClCompile Include="020 继承.cpp">
      <Filter>源文件</Filter>
    </ClCompile>
    <ClCompile Include="021 多态.cpp">
      <Filter>源文件</Filter>
    </ClCompile>
    <ClCompile Include="021 计算器.cpp">
      <Filter>源文件</Filter>
    </ClCompile>
    <ClCompile Include="021 制作饮品.cpp">
      <Filter>源文件</Filter>
    </ClCompile>
    <ClCompile Include="021 计算机组成.cpp">
      <Filter>源文件</Filter>
    </ClCompile>
    <ClCompile Include="022 文件操作.cpp">
      <Filter>源文件</Filter>
    </ClCompile>
    <ClCompile Include="023 职工管理系统.cpp">
      <Filter>源文件</Filter>
    </ClCompile>
    <ClCompile Include="024 模板.cpp">
      <Filter>源文件</Filter>
    </ClCompile>
    <ClCompile Include="024 模板案例一排序.cpp">
      <Filter>源文件</Filter>
    </ClCompile>
    <ClCompile Include="024 Person.cpp">
      <Filter>源文件</Filter>
    </ClCompile>
    <ClCompile Include="025 模板案例二实现数组.cpp">
      <Filter>源文件</Filter>
    </ClCompile>
    <ClCompile Include="101 STL.cpp">
      <Filter>源文件</Filter>
    </ClCompile>
    <ClCompile Include="102 string容器.cpp">
      <Filter>源文件</Filter>
    </ClCompile>
    <ClCompile Include="103 vector容器.cpp">
      <Filter>源文件</Filter>
    </ClCompile>
    <ClCompile Include="104 deque容器.cpp">
      <Filter>源文件</Filter>
    </ClCompile>
    <ClCompile Include="103&amp;104案例 评委打分.cpp">
      <Filter>源文件</Filter>
    </ClCompile>
    <ClCompile Include="105 stack&amp;queue容器.cpp">
      <Filter>源文件</Filter>
    </ClCompile>
    <ClCompile Include="106 list链表容器.cpp">
      <Filter>源文件</Filter>
    </ClCompile>
    <ClCompile Include="106 案例list排序.cpp">
      <Filter>源文件</Filter>
    </ClCompile>
    <ClCompile Include="107 set\107 set&amp;multiset容器.cpp">
      <Filter>源文件</Filter>
    </ClCompile>
    <ClCompile Include="108 map&amp;multimap容器.cpp">
      <Filter>源文件</Filter>
    </ClCompile>
    <ClCompile Include="108 案例员工分组.cpp">
      <Filter>源文件</Filter>
    </ClCompile>
    <ClCompile Include="109 STL函数对象.cpp">
      <Filter>源文件</Filter>
    </ClCompile>
    <ClCompile Include="110 STL谓词.cpp">
      <Filter>源文件</Filter>
    </ClCompile>
    <ClCompile Include="111 STL内建函数.cpp">
      <Filter>源文件</Filter>
    </ClCompile>
    <ClCompile Include="112 STL常用算法.cpp">
      <Filter>源文件</Filter>
    </ClCompile>
  </ItemGroup>
  <ItemGroup>
    <ClInclude Include="010 函数swap分文件.h">
      <Filter>头文件</Filter>
    </ClInclude>
    <ClInclude Include="024 Person.h">
      <Filter>头文件</Filter>
    </ClInclude>
    <ClInclude Include="024 Person.hpp">
      <Filter>头文件</Filter>
    </ClInclude>
    <ClInclude Include="025 MyArray.hpp">
      <Filter>头文件</Filter>
    </ClInclude>
  </ItemGroup>
</Project>